# This file is automatically @generated by Cargo.
# It is not intended for manual editing.
version = 3

[[package]]
name = "ast"
version = "0.1.0"

[[package]]
name = "codegen"
version = "0.1.0"

[[package]]
name = "compiler"
version = "0.1.0"
dependencies = [
 "ast",
 "codegen",
 "parse",
]

[[package]]
name = "parse"
version = "0.1.0"

[[package]]
name = "repl"
version = "0.1.0"
dependencies = [
 "compiler",
]
